
Microsoft Visual Studio Solution File, Format Version 12.00
# Visual Studio Version 17
VisualStudioVersion = 17.8.34330.188
MinimumVisualStudioVersion = 10.0.40219.1
Project("{FAE04EC0-301F-11D3-BF4B-00C04F79EFBC}") = "AdminCRUD", "AdminCRUD\AdminCRUD.csproj", "{EA0F8BD7-E936-42CA-AC3A-51962DFEE62D}"
EndProject
Global
	GlobalSection(SolutionConfigurationPlatforms) = preSolution
		Debug|Any CPU = Debug|Any CPU
		Release|Any CPU = Release|Any CPU
	EndGlobalSection
	GlobalSection(ProjectConfigurationPlatforms) = postSolution
		{EA0F8BD7-E936-42CA-AC3A-51962DFEE62D}.Debug|Any CPU.ActiveCfg = Debug|Any CPU
		{EA0F8BD7-E936-42CA-AC3A-51962DFEE62D}.Debug|Any CPU.Build.0 = Debug|Any CPU
		{EA0F8BD7-E936-42CA-AC3A-51962DFEE62D}.Release|Any CPU.ActiveCfg = Release|Any CPU
		{EA0F8BD7-E936-42CA-AC3A-51962DFEE62D}.Release|Any CPU.Build.0 = Release|Any CPU
	EndGlobalSection
	GlobalSection(SolutionProperties) = preSolution
		HideSolutionNode = FALSE
	EndGlobalSection
	GlobalSection(ExtensibilityGlobals) = postSolution
		SolutionGuid = {41FC76A7-677B-4523-8664-0E0ECCB3DDC9}
	EndGlobalSection
EndGlobal
